<?xml version="1.0" encoding="utf-8"?>
<Project ToolsVersion="4.0" xmlns="http://schemas.microsoft.com/developer/msbuild/2003">
  <ItemGroup>
    <Filter Include="소스 파일">
      <UniqueIdentifier>{4FC737F1-C7A5-4376-A066-2A32D752A2FF}</UniqueIdentifier>
      <Extensions>cpp;c;cc;cxx;c++;cppm;ixx;def;odl;idl;hpj;bat;asm;asmx</Extensions>
    </Filter>
    <Filter Include="헤더 파일">
      <UniqueIdentifier>{93995380-89BD-4b04-88EB-625FBE52EBFB}</UniqueIdentifier>
      <Extensions>h;hh;hpp;hxx;h++;hm;inl;inc;ipp;xsd</Extensions>
    </Filter>
    <Filter Include="리소스 파일">
      <UniqueIdentifier>{67DA6AB6-F800-4c08-8B7A-83BB121AAD01}</UniqueIdentifier>
      <Extensions>rc;ico;cur;bmp;dlg;rc2;rct;bin;rgs;gif;jpg;jpeg;jpe;resx;tiff;tif;png;wav;mfcribbon-ms</Extensions>
    </Filter>
    <Filter Include="IppImage">
      <UniqueIdentifier>{896ec0a0-573d-4b18-bc52-3c274658730a}</UniqueIdentifier>
    </Filter>
    <Filter Include="IppImage\소스 파일">
      <UniqueIdentifier>{d77af921-de32-47c1-ad79-f022f3e533d4}</UniqueIdentifier>
    </Filter>
    <Filter Include="IppImage\헤더 파일">
      <UniqueIdentifier>{99f9f5d0-cf60-4f31-805c-f2a5ecf59b0e}</UniqueIdentifier>
    </Filter>
    <Filter Include="소스 파일\Dlg">
      <UniqueIdentifier>{4e3592ec-af5e-4fdd-b20d-a904835a01cf}</UniqueIdentifier>
    </Filter>
    <Filter Include="헤더 파일\Dlg">
      <UniqueIdentifier>{1b62952a-b992-4dbb-8931-b21cbdcafa2e}</UniqueIdentifier>
    </Filter>
  </ItemGroup>
  <ItemGroup>
    <ClInclude Include="ImageTool.h">
      <Filter>헤더 파일</Filter>
    </ClInclude>
    <ClInclude Include="framework.h">
      <Filter>헤더 파일</Filter>
    </ClInclude>
    <ClInclude Include="targetver.h">
      <Filter>헤더 파일</Filter>
    </ClInclude>
    <ClInclude Include="MainFrm.h">
      <Filter>헤더 파일</Filter>
    </ClInclude>
    <ClInclude Include="ChildFrm.h">
      <Filter>헤더 파일</Filter>
    </ClInclude>
    <ClInclude Include="ImageToolDoc.h">
      <Filter>헤더 파일</Filter>
    </ClInclude>
    <ClInclude Include="ImageToolView.h">
      <Filter>헤더 파일</Filter>
    </ClInclude>
    <ClInclude Include="Resource.h">
      <Filter>헤더 파일</Filter>
    </ClInclude>
    <ClInclude Include="OutputWnd.h">
      <Filter>헤더 파일</Filter>
    </ClInclude>
    <ClInclude Include="pch.h">
      <Filter>헤더 파일</Filter>
    </ClInclude>
    <ClInclude Include="IppConvert.h">
      <Filter>IppImage\헤더 파일</Filter>
    </ClInclude>
    <ClInclude Include="IppDib.h">
      <Filter>IppImage\헤더 파일</Filter>
    </ClInclude>
    <ClInclude Include="IppImage.h">
      <Filter>IppImage\헤더 파일</Filter>
    </ClInclude>
    <ClInclude Include="RGBBYTE.h">
      <Filter>IppImage\헤더 파일</Filter>
    </ClInclude>
    <ClInclude Include="IppEnhance.h">
      <Filter>IppImage\헤더 파일</Filter>
    </ClInclude>
    <ClInclude Include="IppFilter.h">
      <Filter>IppImage\헤더 파일</Filter>
    </ClInclude>
    <ClInclude Include="DiffDlg.h">
      <Filter>헤더 파일\Dlg</Filter>
    </ClInclude>
    <ClInclude Include="FileNewDlg.h">
      <Filter>헤더 파일\Dlg</Filter>
    </ClInclude>
    <ClInclude Include="GammaDlg.h">
      <Filter>헤더 파일\Dlg</Filter>
    </ClInclude>
    <ClInclude Include="GaussianDlg.h">
      <Filter>헤더 파일\Dlg</Filter>
    </ClInclude>
    <ClInclude Include="HistogramDlg.h">
      <Filter>헤더 파일\Dlg</Filter>
    </ClInclude>
    <ClInclude Include="ImageLogicalDlg.h">
      <Filter>헤더 파일\Dlg</Filter>
    </ClInclude>
    <ClInclude Include="NoiseDlg.h">
      <Filter>헤더 파일\Dlg</Filter>
    </ClInclude>
    <ClInclude Include="IppGeometry.h">
      <Filter>IppImage\헤더 파일</Filter>
    </ClInclude>
    <ClInclude Include="BrightContrast.h">
      <Filter>헤더 파일\Dlg</Filter>
    </ClInclude>
    <ClInclude Include="ResizeDlg.h">
      <Filter>헤더 파일\Dlg</Filter>
    </ClInclude>
    <ClInclude Include="RotateDlg.h">
      <Filter>헤더 파일\Dlg</Filter>
    </ClInclude>
    <ClInclude Include="TranslateDlg.h">
      <Filter>헤더 파일\Dlg</Filter>
    </ClInclude>
    <ClInclude Include="IppFeature.h">
      <Filter>IppImage\헤더 파일</Filter>
    </ClInclude>
    <ClInclude Include="CannyDlg.h">
      <Filter>헤더 파일\Dlg</Filter>
    </ClInclude>
    <ClInclude Include="CornerDlg.h">
      <Filter>헤더 파일\Dlg</Filter>
    </ClInclude>
    <ClInclude Include="IppFourier.h">
      <Filter>IppImage\헤더 파일</Filter>
    </ClInclude>
    <ClInclude Include="FreqFilterDlg.h">
      <Filter>헤더 파일</Filter>
    </ClInclude>
    <ClInclude Include="IppColor.h">
      <Filter>IppImage\헤더 파일</Filter>
    </ClInclude>
    <ClInclude Include="ColorCombineDlg.h">
      <Filter>헤더 파일\Dlg</Filter>
    </ClInclude>
    <ClInclude Include="IppSegment.h">
      <Filter>IppImage\헤더 파일</Filter>
    </ClInclude>
    <ClInclude Include="BinaryDlg.h">
      <Filter>헤더 파일</Filter>
    </ClInclude>
  </ItemGroup>
  <ItemGroup>
    <ClCompile Include="ImageTool.cpp">
      <Filter>소스 파일</Filter>
    </ClCompile>
    <ClCompile Include="MainFrm.cpp">
      <Filter>소스 파일</Filter>
    </ClCompile>
    <ClCompile Include="ChildFrm.cpp">
      <Filter>소스 파일</Filter>
    </ClCompile>
    <ClCompile Include="ImageToolDoc.cpp">
      <Filter>소스 파일</Filter>
    </ClCompile>
    <ClCompile Include="ImageToolView.cpp">
      <Filter>소스 파일</Filter>
    </ClCompile>
    <ClCompile Include="OutputWnd.cpp">
      <Filter>소스 파일</Filter>
    </ClCompile>
    <ClCompile Include="pch.cpp">
      <Filter>소스 파일</Filter>
    </ClCompile>
    <ClCompile Include="IppConvertcpp.cpp">
      <Filter>IppImage\소스 파일</Filter>
    </ClCompile>
    <ClCompile Include="IppDib.cpp">
      <Filter>IppImage\소스 파일</Filter>
    </ClCompile>
    <ClCompile Include="IppImage.cpp">
      <Filter>IppImage\소스 파일</Filter>
    </ClCompile>
    <ClCompile Include="IppEngance.cpp">
      <Filter>IppImage\소스 파일</Filter>
    </ClCompile>
    <ClCompile Include="IppFilter.cpp">
      <Filter>IppImage\소스 파일</Filter>
    </ClCompile>
    <ClCompile Include="DiffDlg.cpp">
      <Filter>소스 파일\Dlg</Filter>
    </ClCompile>
    <ClCompile Include="NoiseDlg.cpp">
      <Filter>소스 파일\Dlg</Filter>
    </ClCompile>
    <ClCompile Include="FileNewDlg.cpp">
      <Filter>소스 파일\Dlg</Filter>
    </ClCompile>
    <ClCompile Include="GammaDlg.cpp">
      <Filter>소스 파일\Dlg</Filter>
    </ClCompile>
    <ClCompile Include="GaussianDlg.cpp">
      <Filter>소스 파일\Dlg</Filter>
    </ClCompile>
    <ClCompile Include="HistogramDlg.cpp">
      <Filter>소스 파일\Dlg</Filter>
    </ClCompile>
    <ClCompile Include="ImageLogicalDlg.cpp">
      <Filter>소스 파일\Dlg</Filter>
    </ClCompile>
    <ClCompile Include="IppGeometry.cpp">
      <Filter>IppImage\소스 파일</Filter>
    </ClCompile>
    <ClCompile Include="TranslateDlg.cpp">
      <Filter>소스 파일</Filter>
    </ClCompile>
    <ClCompile Include="BrightContrast.cpp">
      <Filter>소스 파일\Dlg</Filter>
    </ClCompile>
    <ClCompile Include="RotateDlg.cpp">
      <Filter>소스 파일\Dlg</Filter>
    </ClCompile>
    <ClCompile Include="ResizeDlg.cpp">
      <Filter>소스 파일\Dlg</Filter>
    </ClCompile>
    <ClCompile Include="IppFeature.cpp">
      <Filter>IppImage\소스 파일</Filter>
    </ClCompile>
    <ClCompile Include="CannyDlg.cpp">
      <Filter>소스 파일\Dlg</Filter>
    </ClCompile>
    <ClCompile Include="CornerDlg.cpp">
      <Filter>소스 파일\Dlg</Filter>
    </ClCompile>
    <ClCompile Include="IppFourier.cpp">
      <Filter>IppImage\소스 파일</Filter>
    </ClCompile>
    <ClCompile Include="FreqFilterDlg.cpp">
      <Filter>소스 파일</Filter>
    </ClCompile>
    <ClCompile Include="IppColor.cpp">
      <Filter>IppImage\소스 파일</Filter>
    </ClCompile>
    <ClCompile Include="ColorCombineDlg.cpp">
      <Filter>소스 파일\Dlg</Filter>
    </ClCompile>
    <ClCompile Include="IppSegment.cpp">
      <Filter>IppImage\소스 파일</Filter>
    </ClCompile>
    <ClCompile Include="BinaryDlg.cpp">
      <Filter>소스 파일</Filter>
    </ClCompile>
  </ItemGroup>
  <ItemGroup>
    <None Include="ImageTool.reg" />
    <None Include="res\ImageTool.rc2">
      <Filter>리소스 파일</Filter>
    </None>
  </ItemGroup>
  <ItemGroup>
    <ResourceCompile Include="ImageTool.rc">
      <Filter>리소스 파일</Filter>
    </ResourceCompile>
  </ItemGroup>
  <ItemGroup>
    <Image Include="res\output_wnd.ico">
      <Filter>리소스 파일</Filter>
    </Image>
    <Image Include="res\output_wnd_hc.ico">
      <Filter>리소스 파일</Filter>
    </Image>
    <Image Include="res\userimages.bmp">
      <Filter>리소스 파일</Filter>
    </Image>
    <Image Include="res\ImageToolDoc.ico">
      <Filter>리소스 파일</Filter>
    </Image>
    <Image Include="res\ImageTool.ico">
      <Filter>리소스 파일</Filter>
    </Image>
    <Image Include="res\Toolbar.bmp">
      <Filter>리소스 파일</Filter>
    </Image>
    <Image Include="res\Toolbar256.bmp">
      <Filter>리소스 파일</Filter>
    </Image>
  </ItemGroup>
</Project>